
Microsoft Visual Studio Solution File, Format Version 12.00
# Visual Studio 14
VisualStudioVersion = 14.0.24720.0
MinimumVisualStudioVersion = 10.0.40219.1
Project("{FAE04EC0-301F-11D3-BF4B-00C04F79EFBC}") = "Buyzia.Data.Models", "Buyzia.Data.Models\Buyzia.Data.Models.csproj", "{6E3ACE57-5B1B-4EC3-975F-01AF21A01984}"
EndProject
Project("{FAE04EC0-301F-11D3-BF4B-00C04F79EFBC}") = "Buyzia.Data", "Buyzia.Data\Buyzia.Data.csproj", "{AE1B7D65-4CF8-4E0A-A0BE-179B0DA90314}"
EndProject
Project("{2150E333-8FDC-42A3-9474-1A3956D46DE8}") = "Server", "Server", "{009A7081-EEDE-4D7C-9D23-84162CDF7266}"
EndProject
Project("{FAE04EC0-301F-11D3-BF4B-00C04F79EFBC}") = "Buyzia.Services", "Server\Buyzia.Services\Buyzia.Services.csproj", "{A714FD8D-3AAF-4EE0-8BDF-ACAA7D889BE6}"
EndProject
Project("{FAE04EC0-301F-11D3-BF4B-00C04F79EFBC}") = "Buyzia.Server.Api", "Server\Buyzia.Server.Api\Buyzia.Server.Api.csproj", "{4098E99E-620F-4992-AE58-7168DA243307}"
EndProject
Project("{2150E333-8FDC-42A3-9474-1A3956D46DE8}") = "Data", "Data", "{A9E37479-1186-4AA6-97CA-F0B0FE169338}"
EndProject
Project("{2150E333-8FDC-42A3-9474-1A3956D46DE8}") = "Client", "Client", "{89539F4D-6208-451A-B9BA-4324462427D0}"
EndProject
Project("{2150E333-8FDC-42A3-9474-1A3956D46DE8}") = "Ebay", "Ebay", "{B934BF13-81E8-4448-B66D-96446960C5B3}"
EndProject
Project("{2150E333-8FDC-42A3-9474-1A3956D46DE8}") = "Amazon", "Amazon", "{DD712A36-E0A1-4834-826C-61C6170BEE1D}"
EndProject
Project("{FAE04EC0-301F-11D3-BF4B-00C04F79EFBC}") = "Buyzia.Common", "Server\Buyzia.Common\Buyzia.Common.csproj", "{2526238F-7A30-4C6C-8A93-7416483E3737}"
EndProject
Project("{FAE04EC0-301F-11D3-BF4B-00C04F79EFBC}") = "EbayService", "Ebay\EbayService\EbayService.csproj", "{5763F56D-24A6-4524-A33C-B04D48894312}"
EndProject
Project("{FAE04EC0-301F-11D3-BF4B-00C04F79EFBC}") = "EbayService.Common", "EbayService.Common\EbayService.Common.csproj", "{BCB28976-875A-4365-BBC4-891EC30EFAF8}"
EndProject
Project("{2150E333-8FDC-42A3-9474-1A3956D46DE8}") = "WebPrivacy", "WebPrivacy", "{BBE4CEB7-0693-4781-9F9A-7B86F0450FFC}"
EndProject
Project("{FAE04EC0-301F-11D3-BF4B-00C04F79EFBC}") = "TorProject", "WebPrivacy\TorProject\TorProject.csproj", "{AB134CCF-FA89-4CDD-9F4F-3E200033854F}"
EndProject
Project("{FAE04EC0-301F-11D3-BF4B-00C04F79EFBC}") = "AmazonWalker", "Client\AmazonWalker\AmazonWalker.csproj", "{ADBB5793-AE1B-44B5-A583-81032903AE4A}"
EndProject
Global
	GlobalSection(SolutionConfigurationPlatforms) = preSolution
		Debug|Any CPU = Debug|Any CPU
		Release|Any CPU = Release|Any CPU
	EndGlobalSection
	GlobalSection(ProjectConfigurationPlatforms) = postSolution
		{6E3ACE57-5B1B-4EC3-975F-01AF21A01984}.Debug|Any CPU.ActiveCfg = Debug|Any CPU
		{6E3ACE57-5B1B-4EC3-975F-01AF21A01984}.Debug|Any CPU.Build.0 = Debug|Any CPU
		{6E3ACE57-5B1B-4EC3-975F-01AF21A01984}.Release|Any CPU.ActiveCfg = Release|Any CPU
		{6E3ACE57-5B1B-4EC3-975F-01AF21A01984}.Release|Any CPU.Build.0 = Release|Any CPU
		{AE1B7D65-4CF8-4E0A-A0BE-179B0DA90314}.Debug|Any CPU.ActiveCfg = Debug|Any CPU
		{AE1B7D65-4CF8-4E0A-A0BE-179B0DA90314}.Debug|Any CPU.Build.0 = Debug|Any CPU
		{AE1B7D65-4CF8-4E0A-A0BE-179B0DA90314}.Release|Any CPU.ActiveCfg = Release|Any CPU
		{AE1B7D65-4CF8-4E0A-A0BE-179B0DA90314}.Release|Any CPU.Build.0 = Release|Any CPU
		{A714FD8D-3AAF-4EE0-8BDF-ACAA7D889BE6}.Debug|Any CPU.ActiveCfg = Debug|Any CPU
		{A714FD8D-3AAF-4EE0-8BDF-ACAA7D889BE6}.Debug|Any CPU.Build.0 = Debug|Any CPU
		{A714FD8D-3AAF-4EE0-8BDF-ACAA7D889BE6}.Release|Any CPU.ActiveCfg = Release|Any CPU
		{A714FD8D-3AAF-4EE0-8BDF-ACAA7D889BE6}.Release|Any CPU.Build.0 = Release|Any CPU
		{4098E99E-620F-4992-AE58-7168DA243307}.Debug|Any CPU.ActiveCfg = Debug|Any CPU
		{4098E99E-620F-4992-AE58-7168DA243307}.Debug|Any CPU.Build.0 = Debug|Any CPU
		{4098E99E-620F-4992-AE58-7168DA243307}.Release|Any CPU.ActiveCfg = Release|Any CPU
		{4098E99E-620F-4992-AE58-7168DA243307}.Release|Any CPU.Build.0 = Release|Any CPU
		{2526238F-7A30-4C6C-8A93-7416483E3737}.Debug|Any CPU.ActiveCfg = Debug|Any CPU
		{2526238F-7A30-4C6C-8A93-7416483E3737}.Debug|Any CPU.Build.0 = Debug|Any CPU
		{2526238F-7A30-4C6C-8A93-7416483E3737}.Release|Any CPU.ActiveCfg = Release|Any CPU
		{2526238F-7A30-4C6C-8A93-7416483E3737}.Release|Any CPU.Build.0 = Release|Any CPU
		{5763F56D-24A6-4524-A33C-B04D48894312}.Debug|Any CPU.ActiveCfg = Debug|Any CPU
		{5763F56D-24A6-4524-A33C-B04D48894312}.Debug|Any CPU.Build.0 = Debug|Any CPU
		{5763F56D-24A6-4524-A33C-B04D48894312}.Release|Any CPU.ActiveCfg = Release|Any CPU
		{5763F56D-24A6-4524-A33C-B04D48894312}.Release|Any CPU.Build.0 = Release|Any CPU
		{BCB28976-875A-4365-BBC4-891EC30EFAF8}.Debug|Any CPU.ActiveCfg = Debug|Any CPU
		{BCB28976-875A-4365-BBC4-891EC30EFAF8}.Debug|Any CPU.Build.0 = Debug|Any CPU
		{BCB28976-875A-4365-BBC4-891EC30EFAF8}.Release|Any CPU.ActiveCfg = Release|Any CPU
		{BCB28976-875A-4365-BBC4-891EC30EFAF8}.Release|Any CPU.Build.0 = Release|Any CPU
		{AB134CCF-FA89-4CDD-9F4F-3E200033854F}.Debug|Any CPU.ActiveCfg = Debug|Any CPU
		{AB134CCF-FA89-4CDD-9F4F-3E200033854F}.Debug|Any CPU.Build.0 = Debug|Any CPU
		{AB134CCF-FA89-4CDD-9F4F-3E200033854F}.Release|Any CPU.ActiveCfg = Release|Any CPU
		{AB134CCF-FA89-4CDD-9F4F-3E200033854F}.Release|Any CPU.Build.0 = Release|Any CPU
		{ADBB5793-AE1B-44B5-A583-81032903AE4A}.Debug|Any CPU.ActiveCfg = Debug|Any CPU
		{ADBB5793-AE1B-44B5-A583-81032903AE4A}.Debug|Any CPU.Build.0 = Debug|Any CPU
		{ADBB5793-AE1B-44B5-A583-81032903AE4A}.Release|Any CPU.ActiveCfg = Release|Any CPU
		{ADBB5793-AE1B-44B5-A583-81032903AE4A}.Release|Any CPU.Build.0 = Release|Any CPU
	EndGlobalSection
	GlobalSection(SolutionProperties) = preSolution
		HideSolutionNode = FALSE
	EndGlobalSection
	GlobalSection(NestedProjects) = preSolution
		{6E3ACE57-5B1B-4EC3-975F-01AF21A01984} = {A9E37479-1186-4AA6-97CA-F0B0FE169338}
		{AE1B7D65-4CF8-4E0A-A0BE-179B0DA90314} = {A9E37479-1186-4AA6-97CA-F0B0FE169338}
		{A714FD8D-3AAF-4EE0-8BDF-ACAA7D889BE6} = {009A7081-EEDE-4D7C-9D23-84162CDF7266}
		{4098E99E-620F-4992-AE58-7168DA243307} = {009A7081-EEDE-4D7C-9D23-84162CDF7266}
		{2526238F-7A30-4C6C-8A93-7416483E3737} = {009A7081-EEDE-4D7C-9D23-84162CDF7266}
		{5763F56D-24A6-4524-A33C-B04D48894312} = {B934BF13-81E8-4448-B66D-96446960C5B3}
		{BCB28976-875A-4365-BBC4-891EC30EFAF8} = {B934BF13-81E8-4448-B66D-96446960C5B3}
		{AB134CCF-FA89-4CDD-9F4F-3E200033854F} = {BBE4CEB7-0693-4781-9F9A-7B86F0450FFC}
		{ADBB5793-AE1B-44B5-A583-81032903AE4A} = {89539F4D-6208-451A-B9BA-4324462427D0}
	EndGlobalSection
EndGlobal
