
Microsoft Visual Studio Solution File, Format Version 12.00
# Visual Studio 14
VisualStudioVersion = 14.0.24720.0
MinimumVisualStudioVersion = 10.0.40219.1
Project("{FAE04EC0-301F-11D3-BF4B-00C04F79EFBC}") = "Buyzia.Data.Models", "Buyzia.Data.Models\Buyzia.Data.Models.csproj", "{6E3ACE57-5B1B-4EC3-975F-01AF21A01984}"
EndProject
Project("{FAE04EC0-301F-11D3-BF4B-00C04F79EFBC}") = "Buyzia.Data", "Buyzia.Data\Buyzia.Data.csproj", "{AE1B7D65-4CF8-4E0A-A0BE-179B0DA90314}"
EndProject
Project("{2150E333-8FDC-42A3-9474-1A3956D46DE8}") = "Server", "Server", "{009A7081-EEDE-4D7C-9D23-84162CDF7266}"
EndProject
Project("{FAE04EC0-301F-11D3-BF4B-00C04F79EFBC}") = "Buyzia.Services", "Server\Buyzia.Services\Buyzia.Services.csproj", "{A714FD8D-3AAF-4EE0-8BDF-ACAA7D889BE6}"
EndProject
Project("{FAE04EC0-301F-11D3-BF4B-00C04F79EFBC}") = "Buyzia.Server.Api", "Server\Buyzia.Server.Api\Buyzia.Server.Api.csproj", "{4098E99E-620F-4992-AE58-7168DA243307}"
EndProject
Project("{2150E333-8FDC-42A3-9474-1A3956D46DE8}") = "Data", "Data", "{A9E37479-1186-4AA6-97CA-F0B0FE169338}"
EndProject
Global
	GlobalSection(SolutionConfigurationPlatforms) = preSolution
		Debug|Any CPU = Debug|Any CPU
		Release|Any CPU = Release|Any CPU
	EndGlobalSection
	GlobalSection(ProjectConfigurationPlatforms) = postSolution
		{6E3ACE57-5B1B-4EC3-975F-01AF21A01984}.Debug|Any CPU.ActiveCfg = Debug|Any CPU
		{6E3ACE57-5B1B-4EC3-975F-01AF21A01984}.Debug|Any CPU.Build.0 = Debug|Any CPU
		{6E3ACE57-5B1B-4EC3-975F-01AF21A01984}.Release|Any CPU.ActiveCfg = Release|Any CPU
		{6E3ACE57-5B1B-4EC3-975F-01AF21A01984}.Release|Any CPU.Build.0 = Release|Any CPU
		{AE1B7D65-4CF8-4E0A-A0BE-179B0DA90314}.Debug|Any CPU.ActiveCfg = Debug|Any CPU
		{AE1B7D65-4CF8-4E0A-A0BE-179B0DA90314}.Debug|Any CPU.Build.0 = Debug|Any CPU
		{AE1B7D65-4CF8-4E0A-A0BE-179B0DA90314}.Release|Any CPU.ActiveCfg = Release|Any CPU
		{AE1B7D65-4CF8-4E0A-A0BE-179B0DA90314}.Release|Any CPU.Build.0 = Release|Any CPU
		{A714FD8D-3AAF-4EE0-8BDF-ACAA7D889BE6}.Debug|Any CPU.ActiveCfg = Debug|Any CPU
		{A714FD8D-3AAF-4EE0-8BDF-ACAA7D889BE6}.Debug|Any CPU.Build.0 = Debug|Any CPU
		{A714FD8D-3AAF-4EE0-8BDF-ACAA7D889BE6}.Release|Any CPU.ActiveCfg = Release|Any CPU
		{A714FD8D-3AAF-4EE0-8BDF-ACAA7D889BE6}.Release|Any CPU.Build.0 = Release|Any CPU
		{4098E99E-620F-4992-AE58-7168DA243307}.Debug|Any CPU.ActiveCfg = Debug|Any CPU
		{4098E99E-620F-4992-AE58-7168DA243307}.Debug|Any CPU.Build.0 = Debug|Any CPU
		{4098E99E-620F-4992-AE58-7168DA243307}.Release|Any CPU.ActiveCfg = Release|Any CPU
		{4098E99E-620F-4992-AE58-7168DA243307}.Release|Any CPU.Build.0 = Release|Any CPU
	EndGlobalSection
	GlobalSection(SolutionProperties) = preSolution
		HideSolutionNode = FALSE
	EndGlobalSection
	GlobalSection(NestedProjects) = preSolution
		{6E3ACE57-5B1B-4EC3-975F-01AF21A01984} = {A9E37479-1186-4AA6-97CA-F0B0FE169338}
		{AE1B7D65-4CF8-4E0A-A0BE-179B0DA90314} = {A9E37479-1186-4AA6-97CA-F0B0FE169338}
		{A714FD8D-3AAF-4EE0-8BDF-ACAA7D889BE6} = {009A7081-EEDE-4D7C-9D23-84162CDF7266}
		{4098E99E-620F-4992-AE58-7168DA243307} = {009A7081-EEDE-4D7C-9D23-84162CDF7266}
	EndGlobalSection
EndGlobal
